
Microsoft Visual Studio Solution File, Format Version 12.00
# Visual Studio Version 17
VisualStudioVersion = 17.13.35931.197
MinimumVisualStudioVersion = 10.0.40219.1
Project("{FAE04EC0-301F-11D3-BF4B-00C04F79EFBC}") = "hw1", "BTVNDesignPattern\hw1.csproj", "{FEC48079-F5DC-40AB-BE9D-B586230FFB41}"
EndProject
Project("{FAE04EC0-301F-11D3-BF4B-00C04F79EFBC}") = "hw2", "hw2\hw2.csproj", "{56F392EA-42F2-408B-9086-CF67DF768DB9}"
EndProject
Project("{FAE04EC0-301F-11D3-BF4B-00C04F79EFBC}") = "hw3", "hw3\hw3.csproj", "{6E356555-5EAA-4BFE-8781-9948C06987D8}"
EndProject
Global
	GlobalSection(SolutionConfigurationPlatforms) = preSolution
		Debug|Any CPU = Debug|Any CPU
		Release|Any CPU = Release|Any CPU
	EndGlobalSection
	GlobalSection(ProjectConfigurationPlatforms) = postSolution
		{FEC48079-F5DC-40AB-BE9D-B586230FFB41}.Debug|Any CPU.ActiveCfg = Debug|Any CPU
		{FEC48079-F5DC-40AB-BE9D-B586230FFB41}.Debug|Any CPU.Build.0 = Debug|Any CPU
		{FEC48079-F5DC-40AB-BE9D-B586230FFB41}.Release|Any CPU.ActiveCfg = Release|Any CPU
		{FEC48079-F5DC-40AB-BE9D-B586230FFB41}.Release|Any CPU.Build.0 = Release|Any CPU
		{56F392EA-42F2-408B-9086-CF67DF768DB9}.Debug|Any CPU.ActiveCfg = Debug|Any CPU
		{56F392EA-42F2-408B-9086-CF67DF768DB9}.Debug|Any CPU.Build.0 = Debug|Any CPU
		{56F392EA-42F2-408B-9086-CF67DF768DB9}.Release|Any CPU.ActiveCfg = Release|Any CPU
		{56F392EA-42F2-408B-9086-CF67DF768DB9}.Release|Any CPU.Build.0 = Release|Any CPU
		{6E356555-5EAA-4BFE-8781-9948C06987D8}.Debug|Any CPU.ActiveCfg = Debug|Any CPU
		{6E356555-5EAA-4BFE-8781-9948C06987D8}.Debug|Any CPU.Build.0 = Debug|Any CPU
		{6E356555-5EAA-4BFE-8781-9948C06987D8}.Release|Any CPU.ActiveCfg = Release|Any CPU
		{6E356555-5EAA-4BFE-8781-9948C06987D8}.Release|Any CPU.Build.0 = Release|Any CPU
	EndGlobalSection
	GlobalSection(SolutionProperties) = preSolution
		HideSolutionNode = FALSE
	EndGlobalSection
	GlobalSection(ExtensibilityGlobals) = postSolution
		SolutionGuid = {AE51345A-752E-40E4-AF71-B0EF736B3D5C}
	EndGlobalSection
EndGlobal
